{
  "schema_version": 1,
  "cargo_lock_sha256": "1633ac6264a30beb5469fc2978c87cde1343f4360957f6319d1645fe507a1ff5",
  "target_resolves": {
    "base": {
      "lava-akeyless-0.1.2": {
        "runtime_dependencies": [],
        "build_dependencies": [],
        "features": []
      }
    },
    "targets": {
      "aarch64-apple-darwin": {
        "overrides": {}
      },
      "x86_64-apple-darwin": {
        "overrides": {}
      },
      "x86_64-unknown-linux-gnu": {
        "overrides": {}
      },
      "x86_64-unknown-linux-musl": {
        "overrides": {}
      },
      "aarch64-unknown-linux-gnu": {
        "overrides": {}
      },
      "aarch64-unknown-linux-musl": {
        "overrides": {}
      }
    }
  },
  "per_crate": {
    "lava-akeyless-0.1.2": {
      "edition": "2024",
      "lib_target": {
        "name": "lava_akeyless",
        "path": "src/lib.rs"
      }
    }
  },
  "git_nar_sha256": {},
  "flake_metadata": {}
}
